// !$*UTF8*$!
{
	archiveVersion = 1;
	classes = {
	};
	objectVersion = 55;
	objects = {

/* Begin PBXBuildFile section */
		B23B79CC27D6887C00A7ED52 /* Events.swift in Sources */ = {isa = PBXBuildFile; fileRef = B23B79CB27D6887C00A7ED52 /* Events.swift */; };
		B23B79CE27D6889000A7ED52 /* Event.swift in Sources */ = {isa = PBXBuildFile; fileRef = B23B79CD27D6889000A7ED52 /* Event.swift */; };
		B23B79D027D6891E00A7ED52 /* Venue.swift in Sources */ = {isa = PBXBuildFile; fileRef = B23B79CF27D6891E00A7ED52 /* Venue.swift */; };
		B23B79D227D6898300A7ED52 /* Artist.swift in Sources */ = {isa = PBXBuildFile; fileRef = B23B79D127D6898300A7ED52 /* Artist.swift */; };
		B23B79D527D68BF900A7ED52 /* LocationViewModel.swift in Sources */ = {isa = PBXBuildFile; fileRef = B23B79D427D68BF900A7ED52 /* LocationViewModel.swift */; };
		B23B79D727D6CF5F00A7ED52 /* Constants.swift in Sources */ = {isa = PBXBuildFile; fileRef = B23B79D627D6CF5F00A7ED52 /* Constants.swift */; };
		B23B79D927D7010200A7ED52 /* EventViewModel.swift in Sources */ = {isa = PBXBuildFile; fileRef = B23B79D827D7010200A7ED52 /* EventViewModel.swift */; };
		B23B79DB27D707B600A7ED52 /* VenueViewModel.swift in Sources */ = {isa = PBXBuildFile; fileRef = B23B79DA27D707B600A7ED52 /* VenueViewModel.swift */; };
		B23B79DD27D712C400A7ED52 /* Config.swift in Sources */ = {isa = PBXBuildFile; fileRef = B23B79DC27D712C400A7ED52 /* Config.swift */; };
		B23B79E027D79CDA00A7ED52 /* VenueDetailView.swift in Sources */ = {isa = PBXBuildFile; fileRef = B23B79DF27D79CDA00A7ED52 /* VenueDetailView.swift */; };
		B23B79E427D7D35700A7ED52 /* EventTableViewCell.swift in Sources */ = {isa = PBXBuildFile; fileRef = B23B79E327D7D35700A7ED52 /* EventTableViewCell.swift */; };
		B23B79E627D7D7B800A7ED52 /* VenueSimpleView.swift in Sources */ = {isa = PBXBuildFile; fileRef = B23B79E527D7D7B800A7ED52 /* VenueSimpleView.swift */; };
		B23B79E827D82A7E00A7ED52 /* MockData.swift in Sources */ = {isa = PBXBuildFile; fileRef = B23B79E727D82A7E00A7ED52 /* MockData.swift */; };
		B23B79EA27D83C5600A7ED52 /* LocationTableViewCell.swift in Sources */ = {isa = PBXBuildFile; fileRef = B23B79E927D83C5600A7ED52 /* LocationTableViewCell.swift */; };
		B29B2B3427DAEE0D00DAF87E /* Favorite.swift in Sources */ = {isa = PBXBuildFile; fileRef = B29B2B3327DAEE0D00DAF87E /* Favorite.swift */; };
		B29B2B3727DB91F800DAF87E /* Coordinator.swift in Sources */ = {isa = PBXBuildFile; fileRef = B29B2B3627DB91F800DAF87E /* Coordinator.swift */; };
		B29B2B3927DB953800DAF87E /* MainCoordinator.swift in Sources */ = {isa = PBXBuildFile; fileRef = B29B2B3827DB953800DAF87E /* MainCoordinator.swift */; };
		B29B2B3C27DB9F6C00DAF87E /* EventViewController.swift in Sources */ = {isa = PBXBuildFile; fileRef = B29B2B3B27DB9F6C00DAF87E /* EventViewController.swift */; };
		B29B2B4027DC2D7900DAF87E /* EventViewModelDelegate.swift in Sources */ = {isa = PBXBuildFile; fileRef = B29B2B3F27DC2D7900DAF87E /* EventViewModelDelegate.swift */; };
		B29B2B4627DC655A00DAF87E /* HomeCoordinator.swift in Sources */ = {isa = PBXBuildFile; fileRef = B29B2B4527DC655A00DAF87E /* HomeCoordinator.swift */; };
		B29B2B4827DC731700DAF87E /* FavoriteCoordinator.swift in Sources */ = {isa = PBXBuildFile; fileRef = B29B2B4727DC731700DAF87E /* FavoriteCoordinator.swift */; };
		B29B2B4A27DC77AE00DAF87E /* LocationViewController.swift in Sources */ = {isa = PBXBuildFile; fileRef = B29B2B4927DC77AE00DAF87E /* LocationViewController.swift */; };
		B29B2B4C27DD777D00DAF87E /* FavoriteViewController.swift in Sources */ = {isa = PBXBuildFile; fileRef = B29B2B4B27DD777D00DAF87E /* FavoriteViewController.swift */; };
		B29B2B4E27DE813400DAF87E /* CustomEventHeader.swift in Sources */ = {isa = PBXBuildFile; fileRef = B29B2B4D27DE813400DAF87E /* CustomEventHeader.swift */; };
		B29B2B5027DEBF8700DAF87E /* OpenViewController.swift in Sources */ = {isa = PBXBuildFile; fileRef = B29B2B4F27DEBF8700DAF87E /* OpenViewController.swift */; };
		B29B2B5427DEDE5F00DAF87E /* FavoriteEmptyView.swift in Sources */ = {isa = PBXBuildFile; fileRef = B29B2B5327DEDE5F00DAF87E /* FavoriteEmptyView.swift */; };
		B2D7CCE527D676E500C70711 /* AppDelegate.swift in Sources */ = {isa = PBXBuildFile; fileRef = B2D7CCE427D676E500C70711 /* AppDelegate.swift */; };
		B2D7CCE727D676E500C70711 /* SceneDelegate.swift in Sources */ = {isa = PBXBuildFile; fileRef = B2D7CCE627D676E500C70711 /* SceneDelegate.swift */; };
		B2D7CCE927D676E500C70711 /* HomeViewController.swift in Sources */ = {isa = PBXBuildFile; fileRef = B2D7CCE827D676E500C70711 /* HomeViewController.swift */; };
		B2D7CCEC27D676E500C70711 /* Main.storyboard in Resources */ = {isa = PBXBuildFile; fileRef = B2D7CCEA27D676E500C70711 /* Main.storyboard */; };
		B2D7CCEE27D676E700C70711 /* Assets.xcassets in Resources */ = {isa = PBXBuildFile; fileRef = B2D7CCED27D676E700C70711 /* Assets.xcassets */; };
		B2D7CCF127D676E700C70711 /* LaunchScreen.storyboard in Resources */ = {isa = PBXBuildFile; fileRef = B2D7CCEF27D676E700C70711 /* LaunchScreen.storyboard */; };
		B2D7CCF927D6772000C70711 /* EventsViewModel.swift in Sources */ = {isa = PBXBuildFile; fileRef = B2D7CCF827D6771F00C70711 /* EventsViewModel.swift */; };
		B2D7CCFB27D6793000C70711 /* EdmTrainAPIRequest.swift in Sources */ = {isa = PBXBuildFile; fileRef = B2D7CCFA27D6793000C70711 /* EdmTrainAPIRequest.swift */; };
		B2D7CCFE27D67A0100C70711 /* Locations.swift in Sources */ = {isa = PBXBuildFile; fileRef = B2D7CCFD27D67A0100C70711 /* Locations.swift */; };
		B2D7CD0027D67A2C00C70711 /* Location.swift in Sources */ = {isa = PBXBuildFile; fileRef = B2D7CCFF27D67A2C00C70711 /* Location.swift */; };
		B2EBB75727D9316500EC0483 /* EdmEventsTests.swift in Sources */ = {isa = PBXBuildFile; fileRef = B2EBB75627D9316500EC0483 /* EdmEventsTests.swift */; };
		B2EBB76627D93B5400EC0483 /* EdmEventsUITests.swift in Sources */ = {isa = PBXBuildFile; fileRef = B2EBB76527D93B5400EC0483 /* EdmEventsUITests.swift */; };
		B2EBB76827D93B5400EC0483 /* EdmEventsUITestsLaunchTests.swift in Sources */ = {isa = PBXBuildFile; fileRef = B2EBB76727D93B5400EC0483 /* EdmEventsUITestsLaunchTests.swift */; };
		B2EBB78027D93F3300EC0483 /* VenueSimpleView.swift in Sources */ = {isa = PBXBuildFile; fileRef = B23B79E527D7D7B800A7ED52 /* VenueSimpleView.swift */; };
		B2EBB78127D93F3300EC0483 /* LocationTableViewCell.swift in Sources */ = {isa = PBXBuildFile; fileRef = B23B79E927D83C5600A7ED52 /* LocationTableViewCell.swift */; };
		B2EBB78227D93F3300EC0483 /* EventTableViewCell.swift in Sources */ = {isa = PBXBuildFile; fileRef = B23B79E327D7D35700A7ED52 /* EventTableViewCell.swift */; };
		B2EBB78327D93F3300EC0483 /* VenueDetailView.swift in Sources */ = {isa = PBXBuildFile; fileRef = B23B79DF27D79CDA00A7ED52 /* VenueDetailView.swift */; };
		B2EBB78427D93F3600EC0483 /* Locations.swift in Sources */ = {isa = PBXBuildFile; fileRef = B2D7CCFD27D67A0100C70711 /* Locations.swift */; };
		B2EBB78527D93F3600EC0483 /* Event.swift in Sources */ = {isa = PBXBuildFile; fileRef = B23B79CD27D6889000A7ED52 /* Event.swift */; };
		B2EBB78627D93F3600EC0483 /* Location.swift in Sources */ = {isa = PBXBuildFile; fileRef = B2D7CCFF27D67A2C00C70711 /* Location.swift */; };
		B2EBB78727D93F3600EC0483 /* Events.swift in Sources */ = {isa = PBXBuildFile; fileRef = B23B79CB27D6887C00A7ED52 /* Events.swift */; };
		B2EBB78827D93F3600EC0483 /* Venue.swift in Sources */ = {isa = PBXBuildFile; fileRef = B23B79CF27D6891E00A7ED52 /* Venue.swift */; };
		B2EBB78927D93F3600EC0483 /* Artist.swift in Sources */ = {isa = PBXBuildFile; fileRef = B23B79D127D6898300A7ED52 /* Artist.swift */; };
		B2EBB78A27D93F3A00EC0483 /* Constants.swift in Sources */ = {isa = PBXBuildFile; fileRef = B23B79D627D6CF5F00A7ED52 /* Constants.swift */; };
		B2EBB78B27D93F3A00EC0483 /* Config.swift in Sources */ = {isa = PBXBuildFile; fileRef = B23B79DC27D712C400A7ED52 /* Config.swift */; };
		B2EBB78D27D93F3A00EC0483 /* MockData.swift in Sources */ = {isa = PBXBuildFile; fileRef = B23B79E727D82A7E00A7ED52 /* MockData.swift */; };
		B2EBB78E27D93F3E00EC0483 /* LocationViewModel.swift in Sources */ = {isa = PBXBuildFile; fileRef = B23B79D427D68BF900A7ED52 /* LocationViewModel.swift */; };
		B2EBB78F27D93F3E00EC0483 /* EventsViewModel.swift in Sources */ = {isa = PBXBuildFile; fileRef = B2D7CCF827D6771F00C70711 /* EventsViewModel.swift */; };
		B2EBB79027D93F3E00EC0483 /* EventViewModel.swift in Sources */ = {isa = PBXBuildFile; fileRef = B23B79D827D7010200A7ED52 /* EventViewModel.swift */; };
		B2EBB79127D93F3E00EC0483 /* VenueViewModel.swift in Sources */ = {isa = PBXBuildFile; fileRef = B23B79DA27D707B600A7ED52 /* VenueViewModel.swift */; };
		B2EBB79227D93F5200EC0483 /* EdmTrainAPIRequest.swift in Sources */ = {isa = PBXBuildFile; fileRef = B2D7CCFA27D6793000C70711 /* EdmTrainAPIRequest.swift */; };
/* End PBXBuildFile section */

/* Begin PBXContainerItemProxy section */
		B2EBB75827D9316500EC0483 /* PBXContainerItemProxy */ = {
			isa = PBXContainerItemProxy;
			containerPortal = B2D7CCD927D676E500C70711 /* Project object */;
			proxyType = 1;
			remoteGlobalIDString = B2D7CCE027D676E500C70711;
			remoteInfo = EdmEvents;
		};
		B2EBB76927D93B5400EC0483 /* PBXContainerItemProxy */ = {
			isa = PBXContainerItemProxy;
			containerPortal = B2D7CCD927D676E500C70711 /* Project object */;
			proxyType = 1;
			remoteGlobalIDString = B2D7CCE027D676E500C70711;
			remoteInfo = EdmEvents;
		};
/* End PBXContainerItemProxy section */

/* Begin PBXFileReference section */
		B23B79CB27D6887C00A7ED52 /* Events.swift */ = {isa = PBXFileReference; lastKnownFileType = sourcecode.swift; path = Events.swift; sourceTree = "<group>"; };
		B23B79CD27D6889000A7ED52 /* Event.swift */ = {isa = PBXFileReference; lastKnownFileType = sourcecode.swift; path = Event.swift; sourceTree = "<group>"; };
		B23B79CF27D6891E00A7ED52 /* Venue.swift */ = {isa = PBXFileReference; lastKnownFileType = sourcecode.swift; path = Venue.swift; sourceTree = "<group>"; };
		B23B79D127D6898300A7ED52 /* Artist.swift */ = {isa = PBXFileReference; lastKnownFileType = sourcecode.swift; path = Artist.swift; sourceTree = "<group>"; };
		B23B79D427D68BF900A7ED52 /* LocationViewModel.swift */ = {isa = PBXFileReference; lastKnownFileType = sourcecode.swift; path = LocationViewModel.swift; sourceTree = "<group>"; };
		B23B79D627D6CF5F00A7ED52 /* Constants.swift */ = {isa = PBXFileReference; lastKnownFileType = sourcecode.swift; path = Constants.swift; sourceTree = "<group>"; };
		B23B79D827D7010200A7ED52 /* EventViewModel.swift */ = {isa = PBXFileReference; lastKnownFileType = sourcecode.swift; path = EventViewModel.swift; sourceTree = "<group>"; };
		B23B79DA27D707B600A7ED52 /* VenueViewModel.swift */ = {isa = PBXFileReference; lastKnownFileType = sourcecode.swift; path = VenueViewModel.swift; sourceTree = "<group>"; };
		B23B79DC27D712C400A7ED52 /* Config.swift */ = {isa = PBXFileReference; lastKnownFileType = sourcecode.swift; path = Config.swift; sourceTree = "<group>"; };
		B23B79DF27D79CDA00A7ED52 /* VenueDetailView.swift */ = {isa = PBXFileReference; lastKnownFileType = sourcecode.swift; path = VenueDetailView.swift; sourceTree = "<group>"; };
		B23B79E327D7D35700A7ED52 /* EventTableViewCell.swift */ = {isa = PBXFileReference; lastKnownFileType = sourcecode.swift; path = EventTableViewCell.swift; sourceTree = "<group>"; };
		B23B79E527D7D7B800A7ED52 /* VenueSimpleView.swift */ = {isa = PBXFileReference; lastKnownFileType = sourcecode.swift; path = VenueSimpleView.swift; sourceTree = "<group>"; };
		B23B79E727D82A7E00A7ED52 /* MockData.swift */ = {isa = PBXFileReference; lastKnownFileType = sourcecode.swift; path = MockData.swift; sourceTree = "<group>"; };
		B23B79E927D83C5600A7ED52 /* LocationTableViewCell.swift */ = {isa = PBXFileReference; lastKnownFileType = sourcecode.swift; path = LocationTableViewCell.swift; sourceTree = "<group>"; };
		B29B2B3327DAEE0D00DAF87E /* Favorite.swift */ = {isa = PBXFileReference; lastKnownFileType = sourcecode.swift; path = Favorite.swift; sourceTree = "<group>"; };
		B29B2B3627DB91F800DAF87E /* Coordinator.swift */ = {isa = PBXFileReference; lastKnownFileType = sourcecode.swift; path = Coordinator.swift; sourceTree = "<group>"; };
		B29B2B3827DB953800DAF87E /* MainCoordinator.swift */ = {isa = PBXFileReference; lastKnownFileType = sourcecode.swift; path = MainCoordinator.swift; sourceTree = "<group>"; };
		B29B2B3B27DB9F6C00DAF87E /* EventViewController.swift */ = {isa = PBXFileReference; lastKnownFileType = sourcecode.swift; path = EventViewController.swift; sourceTree = "<group>"; };
		B29B2B3F27DC2D7900DAF87E /* EventViewModelDelegate.swift */ = {isa = PBXFileReference; lastKnownFileType = sourcecode.swift; path = EventViewModelDelegate.swift; sourceTree = "<group>"; };
		B29B2B4527DC655A00DAF87E /* HomeCoordinator.swift */ = {isa = PBXFileReference; lastKnownFileType = sourcecode.swift; path = HomeCoordinator.swift; sourceTree = "<group>"; };
		B29B2B4727DC731700DAF87E /* FavoriteCoordinator.swift */ = {isa = PBXFileReference; lastKnownFileType = sourcecode.swift; path = FavoriteCoordinator.swift; sourceTree = "<group>"; };
		B29B2B4927DC77AE00DAF87E /* LocationViewController.swift */ = {isa = PBXFileReference; lastKnownFileType = sourcecode.swift; path = LocationViewController.swift; sourceTree = "<group>"; };
		B29B2B4B27DD777D00DAF87E /* FavoriteViewController.swift */ = {isa = PBXFileReference; lastKnownFileType = sourcecode.swift; path = FavoriteViewController.swift; sourceTree = "<group>"; };
		B29B2B4D27DE813400DAF87E /* CustomEventHeader.swift */ = {isa = PBXFileReference; lastKnownFileType = sourcecode.swift; path = CustomEventHeader.swift; sourceTree = "<group>"; };
		B29B2B4F27DEBF8700DAF87E /* OpenViewController.swift */ = {isa = PBXFileReference; lastKnownFileType = sourcecode.swift; path = OpenViewController.swift; sourceTree = "<group>"; };
		B29B2B5327DEDE5F00DAF87E /* FavoriteEmptyView.swift */ = {isa = PBXFileReference; lastKnownFileType = sourcecode.swift; path = FavoriteEmptyView.swift; sourceTree = "<group>"; };
		B2D7CCE127D676E500C70711 /* EdmEvents.app */ = {isa = PBXFileReference; explicitFileType = wrapper.application; includeInIndex = 0; path = EdmEvents.app; sourceTree = BUILT_PRODUCTS_DIR; };
		B2D7CCE427D676E500C70711 /* AppDelegate.swift */ = {isa = PBXFileReference; lastKnownFileType = sourcecode.swift; path = AppDelegate.swift; sourceTree = "<group>"; };
		B2D7CCE627D676E500C70711 /* SceneDelegate.swift */ = {isa = PBXFileReference; lastKnownFileType = sourcecode.swift; path = SceneDelegate.swift; sourceTree = "<group>"; };
		B2D7CCE827D676E500C70711 /* HomeViewController.swift */ = {isa = PBXFileReference; lastKnownFileType = sourcecode.swift; path = HomeViewController.swift; sourceTree = "<group>"; };
		B2D7CCEB27D676E500C70711 /* Base */ = {isa = PBXFileReference; lastKnownFileType = file.storyboard; name = Base; path = Base.lproj/Main.storyboard; sourceTree = "<group>"; };
		B2D7CCED27D676E700C70711 /* Assets.xcassets */ = {isa = PBXFileReference; lastKnownFileType = folder.assetcatalog; path = Assets.xcassets; sourceTree = "<group>"; };
		B2D7CCF027D676E700C70711 /* Base */ = {isa = PBXFileReference; lastKnownFileType = file.storyboard; name = Base; path = Base.lproj/LaunchScreen.storyboard; sourceTree = "<group>"; };
		B2D7CCF227D676E700C70711 /* Info.plist */ = {isa = PBXFileReference; lastKnownFileType = text.plist.xml; path = Info.plist; sourceTree = "<group>"; };
		B2D7CCF827D6771F00C70711 /* EventsViewModel.swift */ = {isa = PBXFileReference; lastKnownFileType = sourcecode.swift; path = EventsViewModel.swift; sourceTree = "<group>"; };
		B2D7CCFA27D6793000C70711 /* EdmTrainAPIRequest.swift */ = {isa = PBXFileReference; lastKnownFileType = sourcecode.swift; path = EdmTrainAPIRequest.swift; sourceTree = "<group>"; };
		B2D7CCFD27D67A0100C70711 /* Locations.swift */ = {isa = PBXFileReference; lastKnownFileType = sourcecode.swift; path = Locations.swift; sourceTree = "<group>"; };
		B2D7CCFF27D67A2C00C70711 /* Location.swift */ = {isa = PBXFileReference; lastKnownFileType = sourcecode.swift; path = Location.swift; sourceTree = "<group>"; };
		B2EBB75427D9316500EC0483 /* EdmEventsTests.xctest */ = {isa = PBXFileReference; explicitFileType = wrapper.cfbundle; includeInIndex = 0; path = EdmEventsTests.xctest; sourceTree = BUILT_PRODUCTS_DIR; };
		B2EBB75627D9316500EC0483 /* EdmEventsTests.swift */ = {isa = PBXFileReference; lastKnownFileType = sourcecode.swift; path = EdmEventsTests.swift; sourceTree = "<group>"; };
		B2EBB76327D93B5400EC0483 /* EdmEventsUITests.xctest */ = {isa = PBXFileReference; explicitFileType = wrapper.cfbundle; includeInIndex = 0; path = EdmEventsUITests.xctest; sourceTree = BUILT_PRODUCTS_DIR; };
		B2EBB76527D93B5400EC0483 /* EdmEventsUITests.swift */ = {isa = PBXFileReference; lastKnownFileType = sourcecode.swift; path = EdmEventsUITests.swift; sourceTree = "<group>"; };
		B2EBB76727D93B5400EC0483 /* EdmEventsUITestsLaunchTests.swift */ = {isa = PBXFileReference; lastKnownFileType = sourcecode.swift; path = EdmEventsUITestsLaunchTests.swift; sourceTree = "<group>"; };
/* End PBXFileReference section */

/* Begin PBXFrameworksBuildPhase section */
		B2D7CCDE27D676E500C70711 /* Frameworks */ = {
			isa = PBXFrameworksBuildPhase;
			buildActionMask = 2147483647;
			files = (
			);
			runOnlyForDeploymentPostprocessing = 0;
		};
		B2EBB75127D9316500EC0483 /* Frameworks */ = {
			isa = PBXFrameworksBuildPhase;
			buildActionMask = 2147483647;
			files = (
			);
			runOnlyForDeploymentPostprocessing = 0;
		};
		B2EBB76027D93B5400EC0483 /* Frameworks */ = {
			isa = PBXFrameworksBuildPhase;
			buildActionMask = 2147483647;
			files = (
			);
			runOnlyForDeploymentPostprocessing = 0;
		};
/* End PBXFrameworksBuildPhase section */

/* Begin PBXGroup section */
		B23B79D327D68BEA00A7ED52 /* ViewModels */ = {
			isa = PBXGroup;
			children = (
				B2D7CCF827D6771F00C70711 /* EventsViewModel.swift */,
				B23B79D427D68BF900A7ED52 /* LocationViewModel.swift */,
				B23B79D827D7010200A7ED52 /* EventViewModel.swift */,
				B23B79DA27D707B600A7ED52 /* VenueViewModel.swift */,
				B29B2B3F27DC2D7900DAF87E /* EventViewModelDelegate.swift */,
			);
			path = ViewModels;
			sourceTree = "<group>";
		};
		B23B79DE27D79CB200A7ED52 /* Views */ = {
			isa = PBXGroup;
			children = (
				B29B2B3A27DB9F2A00DAF87E /* ViewControllers */,
				B23B79DF27D79CDA00A7ED52 /* VenueDetailView.swift */,
				B23B79E327D7D35700A7ED52 /* EventTableViewCell.swift */,
				B23B79E527D7D7B800A7ED52 /* VenueSimpleView.swift */,
				B29B2B5327DEDE5F00DAF87E /* FavoriteEmptyView.swift */,
				B23B79E927D83C5600A7ED52 /* LocationTableViewCell.swift */,
				B29B2B4D27DE813400DAF87E /* CustomEventHeader.swift */,
			);
			path = Views;
			sourceTree = "<group>";
		};
		B29B2B3527DB91E600DAF87E /* Coordinators */ = {
			isa = PBXGroup;
			children = (
				B29B2B3627DB91F800DAF87E /* Coordinator.swift */,
				B29B2B3827DB953800DAF87E /* MainCoordinator.swift */,
				B29B2B4527DC655A00DAF87E /* HomeCoordinator.swift */,
				B29B2B4727DC731700DAF87E /* FavoriteCoordinator.swift */,
			);
			path = Coordinators;
			sourceTree = "<group>";
		};
		B29B2B3A27DB9F2A00DAF87E /* ViewControllers */ = {
			isa = PBXGroup;
			children = (
				B2D7CCE827D676E500C70711 /* HomeViewController.swift */,
				B29B2B3B27DB9F6C00DAF87E /* EventViewController.swift */,
				B29B2B4927DC77AE00DAF87E /* LocationViewController.swift */,
				B29B2B4B27DD777D00DAF87E /* FavoriteViewController.swift */,
				B29B2B4F27DEBF8700DAF87E /* OpenViewController.swift */,
			);
			path = ViewControllers;
			sourceTree = "<group>";
		};
		B2D7CCD827D676E500C70711 = {
			isa = PBXGroup;
			children = (
				B2D7CCE327D676E500C70711 /* EdmEvents */,
				B2EBB75527D9316500EC0483 /* EdmEventsTests */,
				B2EBB76427D93B5400EC0483 /* EdmEventsUITests */,
				B2D7CCE227D676E500C70711 /* Products */,
			);
			sourceTree = "<group>";
		};
		B2D7CCE227D676E500C70711 /* Products */ = {
			isa = PBXGroup;
			children = (
				B2D7CCE127D676E500C70711 /* EdmEvents.app */,
				B2EBB75427D9316500EC0483 /* EdmEventsTests.xctest */,
				B2EBB76327D93B5400EC0483 /* EdmEventsUITests.xctest */,
			);
			name = Products;
			sourceTree = "<group>";
		};
		B2D7CCE327D676E500C70711 /* EdmEvents */ = {
			isa = PBXGroup;
			children = (
				B29B2B3527DB91E600DAF87E /* Coordinators */,
				B2D7CD0327D67D6100C70711 /* App */,
				B2D7CCFC27D679F400C70711 /* Models */,
				B23B79DE27D79CB200A7ED52 /* Views */,
				B23B79D327D68BEA00A7ED52 /* ViewModels */,
				B2D7CCE427D676E500C70711 /* AppDelegate.swift */,
				B2D7CCE627D676E500C70711 /* SceneDelegate.swift */,
				B2D7CCEA27D676E500C70711 /* Main.storyboard */,
				B2D7CCED27D676E700C70711 /* Assets.xcassets */,
				B2D7CCEF27D676E700C70711 /* LaunchScreen.storyboard */,
				B2D7CCF227D676E700C70711 /* Info.plist */,
				B2D7CCFA27D6793000C70711 /* EdmTrainAPIRequest.swift */,
			);
			path = EdmEvents;
			sourceTree = "<group>";
		};
		B2D7CCFC27D679F400C70711 /* Models */ = {
			isa = PBXGroup;
			children = (
				B2D7CCFD27D67A0100C70711 /* Locations.swift */,
				B2D7CCFF27D67A2C00C70711 /* Location.swift */,
				B23B79CB27D6887C00A7ED52 /* Events.swift */,
				B23B79CD27D6889000A7ED52 /* Event.swift */,
				B23B79CF27D6891E00A7ED52 /* Venue.swift */,
				B23B79D127D6898300A7ED52 /* Artist.swift */,
				B29B2B3327DAEE0D00DAF87E /* Favorite.swift */,
			);
			path = Models;
			sourceTree = "<group>";
		};
		B2D7CD0327D67D6100C70711 /* App */ = {
			isa = PBXGroup;
			children = (
				B23B79D627D6CF5F00A7ED52 /* Constants.swift */,
				B23B79DC27D712C400A7ED52 /* Config.swift */,
				B23B79E727D82A7E00A7ED52 /* MockData.swift */,
			);
			path = App;
			sourceTree = "<group>";
		};
		B2EBB75527D9316500EC0483 /* EdmEventsTests */ = {
			isa = PBXGroup;
			children = (
				B2EBB75627D9316500EC0483 /* EdmEventsTests.swift */,
			);
			path = EdmEventsTests;
			sourceTree = "<group>";
		};
		B2EBB76427D93B5400EC0483 /* EdmEventsUITests */ = {
			isa = PBXGroup;
			children = (
				B2EBB76527D93B5400EC0483 /* EdmEventsUITests.swift */,
				B2EBB76727D93B5400EC0483 /* EdmEventsUITestsLaunchTests.swift */,
			);
			path = EdmEventsUITests;
			sourceTree = "<group>";
		};
/* End PBXGroup section */

/* Begin PBXNativeTarget section */
		B2D7CCE027D676E500C70711 /* EdmEvents */ = {
			isa = PBXNativeTarget;
			buildConfigurationList = B2D7CCF527D676E700C70711 /* Build configuration list for PBXNativeTarget "EdmEvents" */;
			buildPhases = (
				B2D7CCDD27D676E500C70711 /* Sources */,
				B2D7CCDE27D676E500C70711 /* Frameworks */,
				B2D7CCDF27D676E500C70711 /* Resources */,
			);
			buildRules = (
			);
			dependencies = (
			);
			name = EdmEvents;
			productName = EdmEvents;
			productReference = B2D7CCE127D676E500C70711 /* EdmEvents.app */;
			productType = "com.apple.product-type.application";
		};
		B2EBB75327D9316500EC0483 /* EdmEventsTests */ = {
			isa = PBXNativeTarget;
			buildConfigurationList = B2EBB75C27D9316500EC0483 /* Build configuration list for PBXNativeTarget "EdmEventsTests" */;
			buildPhases = (
				B2EBB75027D9316500EC0483 /* Sources */,
				B2EBB75127D9316500EC0483 /* Frameworks */,
				B2EBB75227D9316500EC0483 /* Resources */,
			);
			buildRules = (
			);
			dependencies = (
				B2EBB75927D9316500EC0483 /* PBXTargetDependency */,
			);
			name = EdmEventsTests;
			productName = EdmEventsTests;
			productReference = B2EBB75427D9316500EC0483 /* EdmEventsTests.xctest */;
			productType = "com.apple.product-type.bundle.unit-test";
		};
		B2EBB76227D93B5400EC0483 /* EdmEventsUITests */ = {
			isa = PBXNativeTarget;
			buildConfigurationList = B2EBB76B27D93B5400EC0483 /* Build configuration list for PBXNativeTarget "EdmEventsUITests" */;
			buildPhases = (
				B2EBB75F27D93B5400EC0483 /* Sources */,
				B2EBB76027D93B5400EC0483 /* Frameworks */,
				B2EBB76127D93B5400EC0483 /* Resources */,
			);
			buildRules = (
			);
			dependencies = (
				B2EBB76A27D93B5400EC0483 /* PBXTargetDependency */,
			);
			name = EdmEventsUITests;
			productName = EdmEventsUITests;
			productReference = B2EBB76327D93B5400EC0483 /* EdmEventsUITests.xctest */;
			productType = "com.apple.product-type.bundle.ui-testing";
		};
/* End PBXNativeTarget section */

/* Begin PBXProject section */
		B2D7CCD927D676E500C70711 /* Project object */ = {
			isa = PBXProject;
			attributes = {
				BuildIndependentTargetsInParallel = 1;
				LastSwiftUpdateCheck = 1320;
				LastUpgradeCheck = 1320;
				TargetAttributes = {
					B2D7CCE027D676E500C70711 = {
						CreatedOnToolsVersion = 13.2.1;
					};
					B2EBB75327D9316500EC0483 = {
						CreatedOnToolsVersion = 13.2.1;
						TestTargetID = B2D7CCE027D676E500C70711;
					};
					B2EBB76227D93B5400EC0483 = {
						CreatedOnToolsVersion = 13.2.1;
						TestTargetID = B2D7CCE027D676E500C70711;
					};
				};
			};
			buildConfigurationList = B2D7CCDC27D676E500C70711 /* Build configuration list for PBXProject "EdmEvents" */;
			compatibilityVersion = "Xcode 13.0";
			developmentRegion = en;
			hasScannedForEncodings = 0;
			knownRegions = (
				en,
				Base,
			);
			mainGroup = B2D7CCD827D676E500C70711;
			productRefGroup = B2D7CCE227D676E500C70711 /* Products */;
			projectDirPath = "";
			projectRoot = "";
			targets = (
				B2D7CCE027D676E500C70711 /* EdmEvents */,
				B2EBB75327D9316500EC0483 /* EdmEventsTests */,
				B2EBB76227D93B5400EC0483 /* EdmEventsUITests */,
			);
		};
/* End PBXProject section */

/* Begin PBXResourcesBuildPhase section */
		B2D7CCDF27D676E500C70711 /* Resources */ = {
			isa = PBXResourcesBuildPhase;
			buildActionMask = 2147483647;
			files = (
				B2D7CCF127D676E700C70711 /* LaunchScreen.storyboard in Resources */,
				B2D7CCEE27D676E700C70711 /* Assets.xcassets in Resources */,
				B2D7CCEC27D676E500C70711 /* Main.storyboard in Resources */,
			);
			runOnlyForDeploymentPostprocessing = 0;
		};
		B2EBB75227D9316500EC0483 /* Resources */ = {
			isa = PBXResourcesBuildPhase;
			buildActionMask = 2147483647;
			files = (
			);
			runOnlyForDeploymentPostprocessing = 0;
		};
		B2EBB76127D93B5400EC0483 /* Resources */ = {
			isa = PBXResourcesBuildPhase;
			buildActionMask = 2147483647;
			files = (
			);
			runOnlyForDeploymentPostprocessing = 0;
		};
/* End PBXResourcesBuildPhase section */

/* Begin PBXSourcesBuildPhase section */
		B2D7CCDD27D676E500C70711 /* Sources */ = {
			isa = PBXSourcesBuildPhase;
			buildActionMask = 2147483647;
			files = (
				B29B2B4827DC731700DAF87E /* FavoriteCoordinator.swift in Sources */,
				B23B79E627D7D7B800A7ED52 /* VenueSimpleView.swift in Sources */,
				B29B2B3927DB953800DAF87E /* MainCoordinator.swift in Sources */,
				B23B79E827D82A7E00A7ED52 /* MockData.swift in Sources */,
				B29B2B5027DEBF8700DAF87E /* OpenViewController.swift in Sources */,
				B29B2B4E27DE813400DAF87E /* CustomEventHeader.swift in Sources */,
				B29B2B4C27DD777D00DAF87E /* FavoriteViewController.swift in Sources */,
				B2D7CCFE27D67A0100C70711 /* Locations.swift in Sources */,
				B2D7CCE927D676E500C70711 /* HomeViewController.swift in Sources */,
				B29B2B4627DC655A00DAF87E /* HomeCoordinator.swift in Sources */,
				B2D7CCF927D6772000C70711 /* EventsViewModel.swift in Sources */,
				B2D7CCE527D676E500C70711 /* AppDelegate.swift in Sources */,
				B23B79E027D79CDA00A7ED52 /* VenueDetailView.swift in Sources */,
				B23B79EA27D83C5600A7ED52 /* LocationTableViewCell.swift in Sources */,
				B23B79D027D6891E00A7ED52 /* Venue.swift in Sources */,
				B29B2B3C27DB9F6C00DAF87E /* EventViewController.swift in Sources */,
				B23B79CE27D6889000A7ED52 /* Event.swift in Sources */,
				B23B79D227D6898300A7ED52 /* Artist.swift in Sources */,
				B2D7CCFB27D6793000C70711 /* EdmTrainAPIRequest.swift in Sources */,
				B23B79D527D68BF900A7ED52 /* LocationViewModel.swift in Sources */,
				B29B2B4A27DC77AE00DAF87E /* LocationViewController.swift in Sources */,
				B23B79E427D7D35700A7ED52 /* EventTableViewCell.swift in Sources */,
				B23B79CC27D6887C00A7ED52 /* Events.swift in Sources */,
				B23B79D727D6CF5F00A7ED52 /* Constants.swift in Sources */,
				B2D7CCE727D676E500C70711 /* SceneDelegate.swift in Sources */,
				B29B2B5427DEDE5F00DAF87E /* FavoriteEmptyView.swift in Sources */,
				B29B2B3727DB91F800DAF87E /* Coordinator.swift in Sources */,
				B29B2B4027DC2D7900DAF87E /* EventViewModelDelegate.swift in Sources */,
				B29B2B3427DAEE0D00DAF87E /* Favorite.swift in Sources */,
				B23B79D927D7010200A7ED52 /* EventViewModel.swift in Sources */,
				B23B79DD27D712C400A7ED52 /* Config.swift in Sources */,
				B23B79DB27D707B600A7ED52 /* VenueViewModel.swift in Sources */,
				B2D7CD0027D67A2C00C70711 /* Location.swift in Sources */,
			);
			runOnlyForDeploymentPostprocessing = 0;
		};
		B2EBB75027D9316500EC0483 /* Sources */ = {
			isa = PBXSourcesBuildPhase;
			buildActionMask = 2147483647;
			files = (
				B2EBB75727D9316500EC0483 /* EdmEventsTests.swift in Sources */,
			);
			runOnlyForDeploymentPostprocessing = 0;
		};
		B2EBB75F27D93B5400EC0483 /* Sources */ = {
			isa = PBXSourcesBuildPhase;
			buildActionMask = 2147483647;
			files = (
				B2EBB78527D93F3600EC0483 /* Event.swift in Sources */,
				B2EBB78027D93F3300EC0483 /* VenueSimpleView.swift in Sources */,
				B2EBB76827D93B5400EC0483 /* EdmEventsUITestsLaunchTests.swift in Sources */,
				B2EBB78B27D93F3A00EC0483 /* Config.swift in Sources */,
				B2EBB78127D93F3300EC0483 /* LocationTableViewCell.swift in Sources */,
				B2EBB78827D93F3600EC0483 /* Venue.swift in Sources */,
				B2EBB79127D93F3E00EC0483 /* VenueViewModel.swift in Sources */,
				B2EBB78727D93F3600EC0483 /* Events.swift in Sources */,
				B2EBB78927D93F3600EC0483 /* Artist.swift in Sources */,
				B2EBB79027D93F3E00EC0483 /* EventViewModel.swift in Sources */,
				B2EBB78E27D93F3E00EC0483 /* LocationViewModel.swift in Sources */,
				B2EBB78A27D93F3A00EC0483 /* Constants.swift in Sources */,
				B2EBB78627D93F3600EC0483 /* Location.swift in Sources */,
				B2EBB79227D93F5200EC0483 /* EdmTrainAPIRequest.swift in Sources */,
				B2EBB78427D93F3600EC0483 /* Locations.swift in Sources */,
				B2EBB78327D93F3300EC0483 /* VenueDetailView.swift in Sources */,
				B2EBB78D27D93F3A00EC0483 /* MockData.swift in Sources */,
				B2EBB78F27D93F3E00EC0483 /* EventsViewModel.swift in Sources */,
				B2EBB78227D93F3300EC0483 /* EventTableViewCell.swift in Sources */,
				B2EBB76627D93B5400EC0483 /* EdmEventsUITests.swift in Sources */,
			);
			runOnlyForDeploymentPostprocessing = 0;
		};
/* End PBXSourcesBuildPhase section */

/* Begin PBXTargetDependency section */
		B2EBB75927D9316500EC0483 /* PBXTargetDependency */ = {
			isa = PBXTargetDependency;
			target = B2D7CCE027D676E500C70711 /* EdmEvents */;
			targetProxy = B2EBB75827D9316500EC0483 /* PBXContainerItemProxy */;
		};
		B2EBB76A27D93B5400EC0483 /* PBXTargetDependency */ = {
			isa = PBXTargetDependency;
			target = B2D7CCE027D676E500C70711 /* EdmEvents */;
			targetProxy = B2EBB76927D93B5400EC0483 /* PBXContainerItemProxy */;
		};
/* End PBXTargetDependency section */

/* Begin PBXVariantGroup section */
		B2D7CCEA27D676E500C70711 /* Main.storyboard */ = {
			isa = PBXVariantGroup;
			children = (
				B2D7CCEB27D676E500C70711 /* Base */,
			);
			name = Main.storyboard;
			sourceTree = "<group>";
		};
		B2D7CCEF27D676E700C70711 /* LaunchScreen.storyboard */ = {
			isa = PBXVariantGroup;
			children = (
				B2D7CCF027D676E700C70711 /* Base */,
			);
			name = LaunchScreen.storyboard;
			sourceTree = "<group>";
		};
/* End PBXVariantGroup section */

/* Begin XCBuildConfiguration section */
		B2D7CCF327D676E700C70711 /* Debug */ = {
			isa = XCBuildConfiguration;
			buildSettings = {
				ALWAYS_SEARCH_USER_PATHS = NO;
				CLANG_ANALYZER_NONNULL = YES;
				CLANG_ANALYZER_NUMBER_OBJECT_CONVERSION = YES_AGGRESSIVE;
				CLANG_CXX_LANGUAGE_STANDARD = "gnu++17";
				CLANG_CXX_LIBRARY = "libc++";
				CLANG_ENABLE_MODULES = YES;
				CLANG_ENABLE_OBJC_ARC = YES;
				CLANG_ENABLE_OBJC_WEAK = YES;
				CLANG_WARN_BLOCK_CAPTURE_AUTORELEASING = YES;
				CLANG_WARN_BOOL_CONVERSION = YES;
				CLANG_WARN_COMMA = YES;
				CLANG_WARN_CONSTANT_CONVERSION = YES;
				CLANG_WARN_DEPRECATED_OBJC_IMPLEMENTATIONS = YES;
				CLANG_WARN_DIRECT_OBJC_ISA_USAGE = YES_ERROR;
				CLANG_WARN_DOCUMENTATION_COMMENTS = YES;
				CLANG_WARN_EMPTY_BODY = YES;
				CLANG_WARN_ENUM_CONVERSION = YES;
				CLANG_WARN_INFINITE_RECURSION = YES;
				CLANG_WARN_INT_CONVERSION = YES;
				CLANG_WARN_NON_LITERAL_NULL_CONVERSION = YES;
				CLANG_WARN_OBJC_IMPLICIT_RETAIN_SELF = YES;
				CLANG_WARN_OBJC_LITERAL_CONVERSION = YES;
				CLANG_WARN_OBJC_ROOT_CLASS = YES_ERROR;
				CLANG_WARN_QUOTED_INCLUDE_IN_FRAMEWORK_HEADER = YES;
				CLANG_WARN_RANGE_LOOP_ANALYSIS = YES;
				CLANG_WARN_STRICT_PROTOTYPES = YES;
				CLANG_WARN_SUSPICIOUS_MOVE = YES;
				CLANG_WARN_UNGUARDED_AVAILABILITY = YES_AGGRESSIVE;
				CLANG_WARN_UNREACHABLE_CODE = YES;
				CLANG_WARN__DUPLICATE_METHOD_MATCH = YES;
				COPY_PHASE_STRIP = NO;
				DEBUG_INFORMATION_FORMAT = dwarf;
				ENABLE_STRICT_OBJC_MSGSEND = YES;
				ENABLE_TESTABILITY = YES;
				GCC_C_LANGUAGE_STANDARD = gnu11;
				GCC_DYNAMIC_NO_PIC = NO;
				GCC_NO_COMMON_BLOCKS = YES;
				GCC_OPTIMIZATION_LEVEL = 0;
				GCC_PREPROCESSOR_DEFINITIONS = (
					"DEBUG=1",
					"$(inherited)",
				);
				GCC_WARN_64_TO_32_BIT_CONVERSION = YES;
				GCC_WARN_ABOUT_RETURN_TYPE = YES_ERROR;
				GCC_WARN_UNDECLARED_SELECTOR = YES;
				GCC_WARN_UNINITIALIZED_AUTOS = YES_AGGRESSIVE;
				GCC_WARN_UNUSED_FUNCTION = YES;
				GCC_WARN_UNUSED_VARIABLE = YES;
				IPHONEOS_DEPLOYMENT_TARGET = 15.0;
				MTL_ENABLE_DEBUG_INFO = INCLUDE_SOURCE;
				MTL_FAST_MATH = YES;
				ONLY_ACTIVE_ARCH = YES;
				SDKROOT = iphoneos;
				SWIFT_ACTIVE_COMPILATION_CONDITIONS = DEBUG;
				SWIFT_OPTIMIZATION_LEVEL = "-Onone";
			};
			name = Debug;
		};
		B2D7CCF427D676E700C70711 /* Release */ = {
			isa = XCBuildConfiguration;
			buildSettings = {
				ALWAYS_SEARCH_USER_PATHS = NO;
				CLANG_ANALYZER_NONNULL = YES;
				CLANG_ANALYZER_NUMBER_OBJECT_CONVERSION = YES_AGGRESSIVE;
				CLANG_CXX_LANGUAGE_STANDARD = "gnu++17";
				CLANG_CXX_LIBRARY = "libc++";
				CLANG_ENABLE_MODULES = YES;
				CLANG_ENABLE_OBJC_ARC = YES;
				CLANG_ENABLE_OBJC_WEAK = YES;
				CLANG_WARN_BLOCK_CAPTURE_AUTORELEASING = YES;
				CLANG_WARN_BOOL_CONVERSION = YES;
				CLANG_WARN_COMMA = YES;
				CLANG_WARN_CONSTANT_CONVERSION = YES;
				CLANG_WARN_DEPRECATED_OBJC_IMPLEMENTATIONS = YES;
				CLANG_WARN_DIRECT_OBJC_ISA_USAGE = YES_ERROR;
				CLANG_WARN_DOCUMENTATION_COMMENTS = YES;
				CLANG_WARN_EMPTY_BODY = YES;
				CLANG_WARN_ENUM_CONVERSION = YES;
				CLANG_WARN_INFINITE_RECURSION = YES;
				CLANG_WARN_INT_CONVERSION = YES;
				CLANG_WARN_NON_LITERAL_NULL_CONVERSION = YES;
				CLANG_WARN_OBJC_IMPLICIT_RETAIN_SELF = YES;
				CLANG_WARN_OBJC_LITERAL_CONVERSION = YES;
				CLANG_WARN_OBJC_ROOT_CLASS = YES_ERROR;
				CLANG_WARN_QUOTED_INCLUDE_IN_FRAMEWORK_HEADER = YES;
				CLANG_WARN_RANGE_LOOP_ANALYSIS = YES;
				CLANG_WARN_STRICT_PROTOTYPES = YES;
				CLANG_WARN_SUSPICIOUS_MOVE = YES;
				CLANG_WARN_UNGUARDED_AVAILABILITY = YES_AGGRESSIVE;
				CLANG_WARN_UNREACHABLE_CODE = YES;
				CLANG_WARN__DUPLICATE_METHOD_MATCH = YES;
				COPY_PHASE_STRIP = NO;
				DEBUG_INFORMATION_FORMAT = "dwarf-with-dsym";
				ENABLE_NS_ASSERTIONS = NO;
				ENABLE_STRICT_OBJC_MSGSEND = YES;
				GCC_C_LANGUAGE_STANDARD = gnu11;
				GCC_NO_COMMON_BLOCKS = YES;
				GCC_WARN_64_TO_32_BIT_CONVERSION = YES;
				GCC_WARN_ABOUT_RETURN_TYPE = YES_ERROR;
				GCC_WARN_UNDECLARED_SELECTOR = YES;
				GCC_WARN_UNINITIALIZED_AUTOS = YES_AGGRESSIVE;
				GCC_WARN_UNUSED_FUNCTION = YES;
				GCC_WARN_UNUSED_VARIABLE = YES;
				IPHONEOS_DEPLOYMENT_TARGET = 15.0;
				MTL_ENABLE_DEBUG_INFO = NO;
				MTL_FAST_MATH = YES;
				SDKROOT = iphoneos;
				SWIFT_COMPILATION_MODE = wholemodule;
				SWIFT_OPTIMIZATION_LEVEL = "-O";
				VALIDATE_PRODUCT = YES;
			};
			name = Release;
		};
		B2D7CCF627D676E700C70711 /* Debug */ = {
			isa = XCBuildConfiguration;
			buildSettings = {
				ASSETCATALOG_COMPILER_APPICON_NAME = AppIcon;
				ASSETCATALOG_COMPILER_GLOBAL_ACCENT_COLOR_NAME = AccentColor;
				CODE_SIGN_STYLE = Automatic;
				CURRENT_PROJECT_VERSION = 1;
				DEVELOPMENT_TEAM = AK54934WQ2;
				GCC_SYMBOLS_PRIVATE_EXTERN = NO;
				GENERATE_INFOPLIST_FILE = YES;
				INFOPLIST_FILE = EdmEvents/Info.plist;
				INFOPLIST_KEY_UIApplicationSupportsIndirectInputEvents = YES;
				INFOPLIST_KEY_UILaunchStoryboardName = LaunchScreen;
				INFOPLIST_KEY_UISupportedInterfaceOrientations_iPad = "UIInterfaceOrientationPortrait UIInterfaceOrientationPortraitUpsideDown UIInterfaceOrientationLandscapeLeft UIInterfaceOrientationLandscapeRight";
				INFOPLIST_KEY_UISupportedInterfaceOrientations_iPhone = "UIInterfaceOrientationPortrait UIInterfaceOrientationLandscapeLeft UIInterfaceOrientationLandscapeRight";
				IPHONEOS_DEPLOYMENT_TARGET = 15.0;
				LD_RUNPATH_SEARCH_PATHS = (
					"$(inherited)",
					"@executable_path/Frameworks",
				);
				MARKETING_VERSION = 1.0;
				PRODUCT_BUNDLE_IDENTIFIER = com.KianaDyson.EdmEvents;
				PRODUCT_NAME = "$(TARGET_NAME)";
				SWIFT_EMIT_LOC_STRINGS = YES;
				SWIFT_VERSION = 5.0;
				TARGETED_DEVICE_FAMILY = 1;
			};
			name = Debug;
		};
		B2D7CCF727D676E700C70711 /* Release */ = {
			isa = XCBuildConfiguration;
			buildSettings = {
				ASSETCATALOG_COMPILER_APPICON_NAME = AppIcon;
				ASSETCATALOG_COMPILER_GLOBAL_ACCENT_COLOR_NAME = AccentColor;
				CODE_SIGN_STYLE = Automatic;
				CURRENT_PROJECT_VERSION = 1;
				DEVELOPMENT_TEAM = AK54934WQ2;
				GCC_SYMBOLS_PRIVATE_EXTERN = NO;
				GENERATE_INFOPLIST_FILE = YES;
				INFOPLIST_FILE = EdmEvents/Info.plist;
				INFOPLIST_KEY_UIApplicationSupportsIndirectInputEvents = YES;
				INFOPLIST_KEY_UILaunchStoryboardName = LaunchScreen;
				INFOPLIST_KEY_UISupportedInterfaceOrientations_iPad = "UIInterfaceOrientationPortrait UIInterfaceOrientationPortraitUpsideDown UIInterfaceOrientationLandscapeLeft UIInterfaceOrientationLandscapeRight";
				INFOPLIST_KEY_UISupportedInterfaceOrientations_iPhone = "UIInterfaceOrientationPortrait UIInterfaceOrientationLandscapeLeft UIInterfaceOrientationLandscapeRight";
				IPHONEOS_DEPLOYMENT_TARGET = 15.0;
				LD_RUNPATH_SEARCH_PATHS = (
					"$(inherited)",
					"@executable_path/Frameworks",
				);
				MARKETING_VERSION = 1.0;
				PRODUCT_BUNDLE_IDENTIFIER = com.KianaDyson.EdmEvents;
				PRODUCT_NAME = "$(TARGET_NAME)";
				SWIFT_EMIT_LOC_STRINGS = YES;
				SWIFT_VERSION = 5.0;
				TARGETED_DEVICE_FAMILY = 1;
			};
			name = Release;
		};
		B2EBB75A27D9316500EC0483 /* Debug */ = {
			isa = XCBuildConfiguration;
			buildSettings = {
				BUNDLE_LOADER = "$(TEST_HOST)";
				CODE_SIGN_STYLE = Automatic;
				CURRENT_PROJECT_VERSION = 1;
				DEVELOPMENT_TEAM = AK54934WQ2;
				GENERATE_INFOPLIST_FILE = YES;
				MARKETING_VERSION = 1.0;
				PRODUCT_BUNDLE_IDENTIFIER = com.KianaDyson.EdmEventsTests;
				PRODUCT_NAME = "$(TARGET_NAME)";
				SWIFT_EMIT_LOC_STRINGS = NO;
				SWIFT_VERSION = 5.0;
				TARGETED_DEVICE_FAMILY = "1,2";
				TEST_HOST = "$(BUILT_PRODUCTS_DIR)/EdmEvents.app/EdmEvents";
			};
			name = Debug;
		};
		B2EBB75B27D9316500EC0483 /* Release */ = {
			isa = XCBuildConfiguration;
			buildSettings = {
				BUNDLE_LOADER = "$(TEST_HOST)";
				CODE_SIGN_STYLE = Automatic;
				CURRENT_PROJECT_VERSION = 1;
				DEVELOPMENT_TEAM = AK54934WQ2;
				GENERATE_INFOPLIST_FILE = YES;
				MARKETING_VERSION = 1.0;
				PRODUCT_BUNDLE_IDENTIFIER = com.KianaDyson.EdmEventsTests;
				PRODUCT_NAME = "$(TARGET_NAME)";
				SWIFT_EMIT_LOC_STRINGS = NO;
				SWIFT_VERSION = 5.0;
				TARGETED_DEVICE_FAMILY = "1,2";
				TEST_HOST = "$(BUILT_PRODUCTS_DIR)/EdmEvents.app/EdmEvents";
			};
			name = Release;
		};
		B2EBB76C27D93B5400EC0483 /* Debug */ = {
			isa = XCBuildConfiguration;
			buildSettings = {
				CODE_SIGN_STYLE = Automatic;
				CURRENT_PROJECT_VERSION = 1;
				DEVELOPMENT_TEAM = AK54934WQ2;
				GENERATE_INFOPLIST_FILE = YES;
				IPHONEOS_DEPLOYMENT_TARGET = 15.0;
				MARKETING_VERSION = 1.0;
				PRODUCT_BUNDLE_IDENTIFIER = com.KianaDyson.EdmEventsUITests;
				PRODUCT_NAME = "$(TARGET_NAME)";
				SWIFT_EMIT_LOC_STRINGS = NO;
				SWIFT_VERSION = 5.0;
				TARGETED_DEVICE_FAMILY = "1,2";
				TEST_TARGET_NAME = EdmEvents;
			};
			name = Debug;
		};
		B2EBB76D27D93B5400EC0483 /* Release */ = {
			isa = XCBuildConfiguration;
			buildSettings = {
				CODE_SIGN_STYLE = Automatic;
				CURRENT_PROJECT_VERSION = 1;
				DEVELOPMENT_TEAM = AK54934WQ2;
				GENERATE_INFOPLIST_FILE = YES;
				IPHONEOS_DEPLOYMENT_TARGET = 15.0;
				MARKETING_VERSION = 1.0;
				PRODUCT_BUNDLE_IDENTIFIER = com.KianaDyson.EdmEventsUITests;
				PRODUCT_NAME = "$(TARGET_NAME)";
				SWIFT_EMIT_LOC_STRINGS = NO;
				SWIFT_VERSION = 5.0;
				TARGETED_DEVICE_FAMILY = "1,2";
				TEST_TARGET_NAME = EdmEvents;
			};
			name = Release;
		};
/* End XCBuildConfiguration section */

/* Begin XCConfigurationList section */
		B2D7CCDC27D676E500C70711 /* Build configuration list for PBXProject "EdmEvents" */ = {
			isa = XCConfigurationList;
			buildConfigurations = (
				B2D7CCF327D676E700C70711 /* Debug */,
				B2D7CCF427D676E700C70711 /* Release */,
			);
			defaultConfigurationIsVisible = 0;
			defaultConfigurationName = Release;
		};
		B2D7CCF527D676E700C70711 /* Build configuration list for PBXNativeTarget "EdmEvents" */ = {
			isa = XCConfigurationList;
			buildConfigurations = (
				B2D7CCF627D676E700C70711 /* Debug */,
				B2D7CCF727D676E700C70711 /* Release */,
			);
			defaultConfigurationIsVisible = 0;
			defaultConfigurationName = Release;
		};
		B2EBB75C27D9316500EC0483 /* Build configuration list for PBXNativeTarget "EdmEventsTests" */ = {
			isa = XCConfigurationList;
			buildConfigurations = (
				B2EBB75A27D9316500EC0483 /* Debug */,
				B2EBB75B27D9316500EC0483 /* Release */,
			);
			defaultConfigurationIsVisible = 0;
			defaultConfigurationName = Release;
		};
		B2EBB76B27D93B5400EC0483 /* Build configuration list for PBXNativeTarget "EdmEventsUITests" */ = {
			isa = XCConfigurationList;
			buildConfigurations = (
				B2EBB76C27D93B5400EC0483 /* Debug */,
				B2EBB76D27D93B5400EC0483 /* Release */,
			);
			defaultConfigurationIsVisible = 0;
			defaultConfigurationName = Release;
		};
/* End XCConfigurationList section */
	};
	rootObject = B2D7CCD927D676E500C70711 /* Project object */;
}
